
Microsoft Visual Studio Solution File, Format Version 12.00
# Visual Studio 16
Project("{FAE04EC0-301F-11D3-BF4B-00C04F79EFBC}") = "Assembly-CSharp", "Assembly-CSharp.csproj", "{6991E71C-DA42-C4E1-95A2-BA7D4FA96DFF}"
EndProject
Global
	GlobalSection(SolutionConfigurationPlatforms) = preSolution
		Debug|Any CPU = Debug|Any CPU
		Release|Any CPU = Release|Any CPU
	EndGlobalSection
	GlobalSection(ProjectConfigurationPlatforms) = postSolution
		{6991E71C-DA42-C4E1-95A2-BA7D4FA96DFF}.Debug|Any CPU.ActiveCfg = Debug|Any CPU
		{6991E71C-DA42-C4E1-95A2-BA7D4FA96DFF}.Debug|Any CPU.Build.0 = Debug|Any CPU
		{6991E71C-DA42-C4E1-95A2-BA7D4FA96DFF}.Release|Any CPU.ActiveCfg = Release|Any CPU
		{6991E71C-DA42-C4E1-95A2-BA7D4FA96DFF}.Release|Any CPU.Build.0 = Release|Any CPU
	EndGlobalSection
	GlobalSection(SolutionProperties) = preSolution
		HideSolutionNode = FALSE
	EndGlobalSection
EndGlobal
